
Microsoft Visual Studio Solution File, Format Version 12.00
# Visual Studio Version 17
VisualStudioVersion = 17.6.33829.357
MinimumVisualStudioVersion = 10.0.40219.1
Project("{FAE04EC0-301F-11D3-BF4B-00C04F79EFBC}") = "CobranzasApi", "CobranzasApi.csproj", "{ECB39879-5518-4950-B0F1-334AAC9E2AEC}"
EndProject
Global
	GlobalSection(SolutionConfigurationPlatforms) = preSolution
		Debug|Any CPU = Debug|Any CPU
		Release|Any CPU = Release|Any CPU
	EndGlobalSection
	GlobalSection(ProjectConfigurationPlatforms) = postSolution
		{ECB39879-5518-4950-B0F1-334AAC9E2AEC}.Debug|Any CPU.ActiveCfg = Debug|Any CPU
		{ECB39879-5518-4950-B0F1-334AAC9E2AEC}.Debug|Any CPU.Build.0 = Debug|Any CPU
		{ECB39879-5518-4950-B0F1-334AAC9E2AEC}.Release|Any CPU.ActiveCfg = Release|Any CPU
		{ECB39879-5518-4950-B0F1-334AAC9E2AEC}.Release|Any CPU.Build.0 = Release|Any CPU
	EndGlobalSection
	GlobalSection(SolutionProperties) = preSolution
		HideSolutionNode = FALSE
	EndGlobalSection
	GlobalSection(ExtensibilityGlobals) = postSolution
		SolutionGuid = {ECA2FE08-1FE1-4B56-9DA2-CF786BDF616E}
	EndGlobalSection
EndGlobal
